{
  "requires": true,
  "lockfileVersion": 1,
  "dependencies": {
    "dayjs": {
      "version": "1.8.30",
      "resolved": "https://registry.npmjs.org/dayjs/-/dayjs-1.8.30.tgz",
      "integrity": "sha512-5s5IGuP5bVvIbOWkEDcfmXsUj24fZW1NMHVVSdSFF/kW8d+alZcI9SpBKC+baEyBe+z3fUp17y75ulstv5swUw=="
    }
  }
}
